
Microsoft Visual Studio Solution File, Format Version 12.00
# Visual Studio Version 16
VisualStudioVersion = 16.0.29926.136
MinimumVisualStudioVersion = 10.0.40219.1
Project("{8BC9CEB8-8B4A-11D0-8D11-00A0C91BC942}") = "Sequential", "Sequential.vcxproj", "{E0A44794-89BB-4F90-BC81-55A0086ED365}"
EndProject
Project("{2150E333-8FDC-42A3-9474-1A3956D46DE8}") = "Headers", "Headers", "{0C52CA54-08DF-480F-BFCB-5592ED8E05B7}"
	ProjectSection(SolutionItems) = preProject
		..\..\GlobalHeaders\benchmark.h = ..\..\GlobalHeaders\benchmark.h
		..\..\GlobalHeaders\global_names.h = ..\..\GlobalHeaders\global_names.h
		..\..\GlobalHeaders\overloaded_operators.h = ..\..\GlobalHeaders\overloaded_operators.h
		..\..\GlobalHeaders\prime_functions.h = ..\..\GlobalHeaders\prime_functions.h
		..\..\GlobalHeaders\string_processing.h = ..\..\GlobalHeaders\string_processing.h
	EndProjectSection
EndProject
Global
	GlobalSection(SolutionConfigurationPlatforms) = preSolution
		Debug|x64 = Debug|x64
		Debug|x86 = Debug|x86
		Release|x64 = Release|x64
		Release|x86 = Release|x86
	EndGlobalSection
	GlobalSection(ProjectConfigurationPlatforms) = postSolution
		{E0A44794-89BB-4F90-BC81-55A0086ED365}.Debug|x64.ActiveCfg = Debug|x64
		{E0A44794-89BB-4F90-BC81-55A0086ED365}.Debug|x64.Build.0 = Debug|x64
		{E0A44794-89BB-4F90-BC81-55A0086ED365}.Debug|x86.ActiveCfg = Debug|Win32
		{E0A44794-89BB-4F90-BC81-55A0086ED365}.Debug|x86.Build.0 = Debug|Win32
		{E0A44794-89BB-4F90-BC81-55A0086ED365}.Release|x64.ActiveCfg = Release|x64
		{E0A44794-89BB-4F90-BC81-55A0086ED365}.Release|x64.Build.0 = Release|x64
		{E0A44794-89BB-4F90-BC81-55A0086ED365}.Release|x86.ActiveCfg = Release|Win32
		{E0A44794-89BB-4F90-BC81-55A0086ED365}.Release|x86.Build.0 = Release|Win32
	EndGlobalSection
	GlobalSection(SolutionProperties) = preSolution
		HideSolutionNode = FALSE
	EndGlobalSection
	GlobalSection(ExtensibilityGlobals) = postSolution
		SolutionGuid = {4040C1D6-AB72-4544-8DBF-AB87CC92BF70}
	EndGlobalSection
EndGlobal
